// !$*UTF8*$!
{
	archiveVersion = 1;
	classes = {
	};
	objectVersion = 46;
	objects = {

/* Begin PBXBuildFile section */
		FF01709E1A87945A000FA50C /* WatchLocationsMap.m in Sources */ = {isa = PBXBuildFile; fileRef = FF01709D1A87945A000FA50C /* WatchLocationsMap.m */; };
		FF1BE9A01A8032AE00032A3D /* main.m in Sources */ = {isa = PBXBuildFile; fileRef = FF1BE99F1A8032AE00032A3D /* main.m */; };
		FF1BE9A31A8032AE00032A3D /* AppDelegate.m in Sources */ = {isa = PBXBuildFile; fileRef = FF1BE9A21A8032AE00032A3D /* AppDelegate.m */; };
		FF1BE9A61A8032AE00032A3D /* ViewController.m in Sources */ = {isa = PBXBuildFile; fileRef = FF1BE9A51A8032AE00032A3D /* ViewController.m */; };
		FF1BE9A91A8032AE00032A3D /* Main.storyboard in Resources */ = {isa = PBXBuildFile; fileRef = FF1BE9A71A8032AE00032A3D /* Main.storyboard */; };
		FF1BE9AB1A8032AE00032A3D /* Images.xcassets in Resources */ = {isa = PBXBuildFile; fileRef = FF1BE9AA1A8032AE00032A3D /* Images.xcassets */; };
		FF1BE9AE1A8032AE00032A3D /* LaunchScreen.xib in Resources */ = {isa = PBXBuildFile; fileRef = FF1BE9AC1A8032AE00032A3D /* LaunchScreen.xib */; };
		FF1BE9BA1A8032AE00032A3D /* WhereAmITests.m in Sources */ = {isa = PBXBuildFile; fileRef = FF1BE9B91A8032AE00032A3D /* WhereAmITests.m */; };
		FF1BE9C41A8032B500032A3D /* MapKit.framework in Frameworks */ = {isa = PBXBuildFile; fileRef = FF1BE9C31A8032B500032A3D /* MapKit.framework */; };
		FF1BE9C91A80364300032A3D /* MapViewController.m in Sources */ = {isa = PBXBuildFile; fileRef = FF1BE9C81A80364300032A3D /* MapViewController.m */; };
		FF1BE9D01A8203D600032A3D /* AddReminderDetailViewController.m in Sources */ = {isa = PBXBuildFile; fileRef = FF1BE9CF1A8203D600032A3D /* AddReminderDetailViewController.m */; };
		FF1BE9D71A85382200032A3D /* Node.m in Sources */ = {isa = PBXBuildFile; fileRef = FF1BE9D61A85382200032A3D /* Node.m */; };
		FF1BE9DA1A85384900032A3D /* LinkedList.m in Sources */ = {isa = PBXBuildFile; fileRef = FF1BE9D91A85384900032A3D /* LinkedList.m */; };
		FFE4B5281A85C5CF004FD24D /* InterfaceController.m in Sources */ = {isa = PBXBuildFile; fileRef = FFE4B5271A85C5CF004FD24D /* InterfaceController.m */; };
		FFE4B52B1A85C5CF004FD24D /* NotificationController.m in Sources */ = {isa = PBXBuildFile; fileRef = FFE4B52A1A85C5CF004FD24D /* NotificationController.m */; };
		FFE4B52D1A85C5CF004FD24D /* Images.xcassets in Resources */ = {isa = PBXBuildFile; fileRef = FFE4B52C1A85C5CF004FD24D /* Images.xcassets */; };
		FFE4B5311A85C5CF004FD24D /* WhereAmI WatchKit App.app in Resources */ = {isa = PBXBuildFile; fileRef = FFE4B5301A85C5CF004FD24D /* WhereAmI WatchKit App.app */; };
		FFE4B5391A85C5CF004FD24D /* Interface.storyboard in Resources */ = {isa = PBXBuildFile; fileRef = FFE4B5371A85C5CF004FD24D /* Interface.storyboard */; };
		FFE4B53B1A85C5CF004FD24D /* Images.xcassets in Resources */ = {isa = PBXBuildFile; fileRef = FFE4B53A1A85C5CF004FD24D /* Images.xcassets */; };
		FFE4B53E1A85C5CF004FD24D /* WhereAmI WatchKit Extension.appex in Embed App Extensions */ = {isa = PBXBuildFile; fileRef = FFE4B5211A85C5CF004FD24D /* WhereAmI WatchKit Extension.appex */; settings = {ATTRIBUTES = (RemoveHeadersOnCopy, ); }; };
		FFE4B5481A85C6EB004FD24D /* ReminderRowController.m in Sources */ = {isa = PBXBuildFile; fileRef = FFE4B5471A85C6EB004FD24D /* ReminderRowController.m */; };
/* End PBXBuildFile section */

/* Begin PBXContainerItemProxy section */
		FF1BE9B41A8032AE00032A3D /* PBXContainerItemProxy */ = {
			isa = PBXContainerItemProxy;
			containerPortal = FF1BE9921A8032AE00032A3D /* Project object */;
			proxyType = 1;
			remoteGlobalIDString = FF1BE9991A8032AE00032A3D;
			remoteInfo = WhereAmI;
		};
		FFE4B5321A85C5CF004FD24D /* PBXContainerItemProxy */ = {
			isa = PBXContainerItemProxy;
			containerPortal = FF1BE9921A8032AE00032A3D /* Project object */;
			proxyType = 1;
			remoteGlobalIDString = FFE4B52F1A85C5CF004FD24D;
			remoteInfo = "WhereAmI WatchKit App";
		};
		FFE4B53C1A85C5CF004FD24D /* PBXContainerItemProxy */ = {
			isa = PBXContainerItemProxy;
			containerPortal = FF1BE9921A8032AE00032A3D /* Project object */;
			proxyType = 1;
			remoteGlobalIDString = FFE4B5201A85C5CF004FD24D;
			remoteInfo = "WhereAmI WatchKit Extension";
		};
/* End PBXContainerItemProxy section */

/* Begin PBXCopyFilesBuildPhase section */
		FFE4B5451A85C5CF004FD24D /* Embed App Extensions */ = {
			isa = PBXCopyFilesBuildPhase;
			buildActionMask = 2147483647;
			dstPath = "";
			dstSubfolderSpec = 13;
			files = (
				FFE4B53E1A85C5CF004FD24D /* WhereAmI WatchKit Extension.appex in Embed App Extensions */,
			);
			name = "Embed App Extensions";
			runOnlyForDeploymentPostprocessing = 0;
		};
/* End PBXCopyFilesBuildPhase section */

/* Begin PBXFileReference section */
		FF01709C1A87945A000FA50C /* WatchLocationsMap.h */ = {isa = PBXFileReference; fileEncoding = 4; lastKnownFileType = sourcecode.c.h; path = WatchLocationsMap.h; sourceTree = "<group>"; };
		FF01709D1A87945A000FA50C /* WatchLocationsMap.m */ = {isa = PBXFileReference; fileEncoding = 4; lastKnownFileType = sourcecode.c.objc; path = WatchLocationsMap.m; sourceTree = "<group>"; };
		FF1BE99A1A8032AE00032A3D /* WhereAmI.app */ = {isa = PBXFileReference; explicitFileType = wrapper.application; includeInIndex = 0; path = WhereAmI.app; sourceTree = BUILT_PRODUCTS_DIR; };
		FF1BE99E1A8032AE00032A3D /* Info.plist */ = {isa = PBXFileReference; lastKnownFileType = text.plist.xml; path = Info.plist; sourceTree = "<group>"; };
		FF1BE99F1A8032AE00032A3D /* main.m */ = {isa = PBXFileReference; lastKnownFileType = sourcecode.c.objc; path = main.m; sourceTree = "<group>"; };
		FF1BE9A11A8032AE00032A3D /* AppDelegate.h */ = {isa = PBXFileReference; lastKnownFileType = sourcecode.c.h; path = AppDelegate.h; sourceTree = "<group>"; };
		FF1BE9A21A8032AE00032A3D /* AppDelegate.m */ = {isa = PBXFileReference; lastKnownFileType = sourcecode.c.objc; path = AppDelegate.m; sourceTree = "<group>"; };
		FF1BE9A41A8032AE00032A3D /* ViewController.h */ = {isa = PBXFileReference; lastKnownFileType = sourcecode.c.h; path = ViewController.h; sourceTree = "<group>"; };
		FF1BE9A51A8032AE00032A3D /* ViewController.m */ = {isa = PBXFileReference; lastKnownFileType = sourcecode.c.objc; path = ViewController.m; sourceTree = "<group>"; };
		FF1BE9A81A8032AE00032A3D /* Base */ = {isa = PBXFileReference; lastKnownFileType = file.storyboard; name = Base; path = Base.lproj/Main.storyboard; sourceTree = "<group>"; };
		FF1BE9AA1A8032AE00032A3D /* Images.xcassets */ = {isa = PBXFileReference; lastKnownFileType = folder.assetcatalog; path = Images.xcassets; sourceTree = "<group>"; };
		FF1BE9AD1A8032AE00032A3D /* Base */ = {isa = PBXFileReference; lastKnownFileType = file.xib; name = Base; path = Base.lproj/LaunchScreen.xib; sourceTree = "<group>"; };
		FF1BE9B31A8032AE00032A3D /* WhereAmITests.xctest */ = {isa = PBXFileReference; explicitFileType = wrapper.cfbundle; includeInIndex = 0; path = WhereAmITests.xctest; sourceTree = BUILT_PRODUCTS_DIR; };
		FF1BE9B81A8032AE00032A3D /* Info.plist */ = {isa = PBXFileReference; lastKnownFileType = text.plist.xml; path = Info.plist; sourceTree = "<group>"; };
		FF1BE9B91A8032AE00032A3D /* WhereAmITests.m */ = {isa = PBXFileReference; lastKnownFileType = sourcecode.c.objc; path = WhereAmITests.m; sourceTree = "<group>"; };
		FF1BE9C31A8032B500032A3D /* MapKit.framework */ = {isa = PBXFileReference; lastKnownFileType = wrapper.framework; name = MapKit.framework; path = System/Library/Frameworks/MapKit.framework; sourceTree = SDKROOT; };
		FF1BE9C51A80356A00032A3D /* Homework.playground */ = {isa = PBXFileReference; lastKnownFileType = file.playground; name = Homework.playground; path = WhereAmI/Homework.playground; sourceTree = "<group>"; };
		FF1BE9C71A80364300032A3D /* MapViewController.h */ = {isa = PBXFileReference; fileEncoding = 4; lastKnownFileType = sourcecode.c.h; path = MapViewController.h; sourceTree = "<group>"; };
		FF1BE9C81A80364300032A3D /* MapViewController.m */ = {isa = PBXFileReference; fileEncoding = 4; lastKnownFileType = sourcecode.c.objc; path = MapViewController.m; sourceTree = "<group>"; };
		FF1BE9CF1A8203D600032A3D /* AddReminderDetailViewController.m */ = {isa = PBXFileReference; fileEncoding = 4; lastKnownFileType = sourcecode.c.objc; path = AddReminderDetailViewController.m; sourceTree = "<group>"; };
		FF1BE9D11A8203DE00032A3D /* AddReminderDetailViewController.h */ = {isa = PBXFileReference; lastKnownFileType = sourcecode.c.h; path = AddReminderDetailViewController.h; sourceTree = "<group>"; };
		FF1BE9D51A85382200032A3D /* Node.h */ = {isa = PBXFileReference; fileEncoding = 4; lastKnownFileType = sourcecode.c.h; path = Node.h; sourceTree = SOURCE_ROOT; };
		FF1BE9D61A85382200032A3D /* Node.m */ = {isa = PBXFileReference; fileEncoding = 4; lastKnownFileType = sourcecode.c.objc; path = Node.m; sourceTree = SOURCE_ROOT; };
		FF1BE9D81A85384900032A3D /* LinkedList.h */ = {isa = PBXFileReference; fileEncoding = 4; lastKnownFileType = sourcecode.c.h; path = LinkedList.h; sourceTree = "<group>"; };
		FF1BE9D91A85384900032A3D /* LinkedList.m */ = {isa = PBXFileReference; fileEncoding = 4; lastKnownFileType = sourcecode.c.objc; path = LinkedList.m; sourceTree = "<group>"; };
		FFE4B5211A85C5CF004FD24D /* WhereAmI WatchKit Extension.appex */ = {isa = PBXFileReference; explicitFileType = "wrapper.app-extension"; includeInIndex = 0; path = "WhereAmI WatchKit Extension.appex"; sourceTree = BUILT_PRODUCTS_DIR; };
		FFE4B5241A85C5CF004FD24D /* Info.plist */ = {isa = PBXFileReference; lastKnownFileType = text.plist.xml; path = Info.plist; sourceTree = "<group>"; };
		FFE4B5251A85C5CF004FD24D /* PushNotificationPayload.apns */ = {isa = PBXFileReference; lastKnownFileType = text; path = PushNotificationPayload.apns; sourceTree = "<group>"; };
		FFE4B5261A85C5CF004FD24D /* InterfaceController.h */ = {isa = PBXFileReference; lastKnownFileType = sourcecode.c.h; path = InterfaceController.h; sourceTree = "<group>"; };
		FFE4B5271A85C5CF004FD24D /* InterfaceController.m */ = {isa = PBXFileReference; lastKnownFileType = sourcecode.c.objc; path = InterfaceController.m; sourceTree = "<group>"; };
		FFE4B5291A85C5CF004FD24D /* NotificationController.h */ = {isa = PBXFileReference; lastKnownFileType = sourcecode.c.h; path = NotificationController.h; sourceTree = "<group>"; };
		FFE4B52A1A85C5CF004FD24D /* NotificationController.m */ = {isa = PBXFileReference; lastKnownFileType = sourcecode.c.objc; path = NotificationController.m; sourceTree = "<group>"; };
		FFE4B52C1A85C5CF004FD24D /* Images.xcassets */ = {isa = PBXFileReference; lastKnownFileType = folder.assetcatalog; path = Images.xcassets; sourceTree = "<group>"; };
		FFE4B5301A85C5CF004FD24D /* WhereAmI WatchKit App.app */ = {isa = PBXFileReference; explicitFileType = wrapper.application; includeInIndex = 0; path = "WhereAmI WatchKit App.app"; sourceTree = BUILT_PRODUCTS_DIR; };
		FFE4B5361A85C5CF004FD24D /* Info.plist */ = {isa = PBXFileReference; lastKnownFileType = text.plist.xml; path = Info.plist; sourceTree = "<group>"; };
		FFE4B5381A85C5CF004FD24D /* Base */ = {isa = PBXFileReference; lastKnownFileType = file.storyboard; name = Base; path = Base.lproj/Interface.storyboard; sourceTree = "<group>"; };
		FFE4B53A1A85C5CF004FD24D /* Images.xcassets */ = {isa = PBXFileReference; lastKnownFileType = folder.assetcatalog; path = Images.xcassets; sourceTree = "<group>"; };
		FFE4B5461A85C6EB004FD24D /* ReminderRowController.h */ = {isa = PBXFileReference; fileEncoding = 4; lastKnownFileType = sourcecode.c.h; path = ReminderRowController.h; sourceTree = "<group>"; };
		FFE4B5471A85C6EB004FD24D /* ReminderRowController.m */ = {isa = PBXFileReference; fileEncoding = 4; lastKnownFileType = sourcecode.c.objc; path = ReminderRowController.m; sourceTree = "<group>"; };
/* End PBXFileReference section */

/* Begin PBXFrameworksBuildPhase section */
		FF1BE9971A8032AE00032A3D /* Frameworks */ = {
			isa = PBXFrameworksBuildPhase;
			buildActionMask = 2147483647;
			files = (
				FF1BE9C41A8032B500032A3D /* MapKit.framework in Frameworks */,
			);
			runOnlyForDeploymentPostprocessing = 0;
		};
		FF1BE9B01A8032AE00032A3D /* Frameworks */ = {
			isa = PBXFrameworksBuildPhase;
			buildActionMask = 2147483647;
			files = (
			);
			runOnlyForDeploymentPostprocessing = 0;
		};
		FFE4B51E1A85C5CF004FD24D /* Frameworks */ = {
			isa = PBXFrameworksBuildPhase;
			buildActionMask = 2147483647;
			files = (
			);
			runOnlyForDeploymentPostprocessing = 0;
		};
/* End PBXFrameworksBuildPhase section */

/* Begin PBXGroup section */
		FF1BE9911A8032AE00032A3D = {
			isa = PBXGroup;
			children = (
				FF1BE9C31A8032B500032A3D /* MapKit.framework */,
				FF1BE99C1A8032AE00032A3D /* WhereAmI */,
				FF1BE9B61A8032AE00032A3D /* WhereAmITests */,
				FF1BE9C61A80357700032A3D /* Playgrounds */,
				FFE4B5221A85C5CF004FD24D /* WhereAmI WatchKit Extension */,
				FFE4B5341A85C5CF004FD24D /* WhereAmI WatchKit App */,
			);
			sourceTree = "<group>";
		};
		FF1BE99B1A8032AE00032A3D /* Products */ = {
			isa = PBXGroup;
			children = (
				FF1BE99A1A8032AE00032A3D /* WhereAmI.app */,
				FF1BE9B31A8032AE00032A3D /* WhereAmITests.xctest */,
				FFE4B5211A85C5CF004FD24D /* WhereAmI WatchKit Extension.appex */,
				FFE4B5301A85C5CF004FD24D /* WhereAmI WatchKit App.app */,
			);
			name = Products;
			sourceTree = "<group>";
		};
		FF1BE99C1A8032AE00032A3D /* WhereAmI */ = {
			isa = PBXGroup;
			children = (
				FF1BE9A11A8032AE00032A3D /* AppDelegate.h */,
				FF1BE9A21A8032AE00032A3D /* AppDelegate.m */,
				FF1BE9A41A8032AE00032A3D /* ViewController.h */,
				FF1BE9A51A8032AE00032A3D /* ViewController.m */,
				FF1BE9C71A80364300032A3D /* MapViewController.h */,
				FF1BE9C81A80364300032A3D /* MapViewController.m */,
				FF1BE9D51A85382200032A3D /* Node.h */,
				FF1BE9D61A85382200032A3D /* Node.m */,
				FF1BE9D81A85384900032A3D /* LinkedList.h */,
				FF1BE9D91A85384900032A3D /* LinkedList.m */,
				FF1BE9A71A8032AE00032A3D /* Main.storyboard */,
				FF1BE9D11A8203DE00032A3D /* AddReminderDetailViewController.h */,
				FF1BE9CF1A8203D600032A3D /* AddReminderDetailViewController.m */,
				FF1BE9AA1A8032AE00032A3D /* Images.xcassets */,
				FF1BE9AC1A8032AE00032A3D /* LaunchScreen.xib */,
				FF1BE99D1A8032AE00032A3D /* Supporting Files */,
			);
			path = WhereAmI;
			sourceTree = "<group>";
		};
		FF1BE99D1A8032AE00032A3D /* Supporting Files */ = {
			isa = PBXGroup;
			children = (
				FF1BE99E1A8032AE00032A3D /* Info.plist */,
				FF1BE99F1A8032AE00032A3D /* main.m */,
			);
			name = "Supporting Files";
			sourceTree = "<group>";
		};
		FF1BE9B61A8032AE00032A3D /* WhereAmITests */ = {
			isa = PBXGroup;
			children = (
				FF1BE9B91A8032AE00032A3D /* WhereAmITests.m */,
				FF1BE9B71A8032AE00032A3D /* Supporting Files */,
			);
			path = WhereAmITests;
			sourceTree = "<group>";
		};
		FF1BE9B71A8032AE00032A3D /* Supporting Files */ = {
			isa = PBXGroup;
			children = (
				FF1BE9B81A8032AE00032A3D /* Info.plist */,
			);
			name = "Supporting Files";
			sourceTree = "<group>";
		};
		FF1BE9C61A80357700032A3D /* Playgrounds */ = {
			isa = PBXGroup;
			children = (
				FF1BE9C51A80356A00032A3D /* Homework.playground */,
				FF1BE99B1A8032AE00032A3D /* Products */,
			);
			name = Playgrounds;
			sourceTree = "<group>";
		};
		FFE4B5221A85C5CF004FD24D /* WhereAmI WatchKit Extension */ = {
			isa = PBXGroup;
			children = (
				FFE4B5261A85C5CF004FD24D /* InterfaceController.h */,
				FF01709C1A87945A000FA50C /* WatchLocationsMap.h */,
				FF01709D1A87945A000FA50C /* WatchLocationsMap.m */,
				FFE4B5271A85C5CF004FD24D /* InterfaceController.m */,
				FFE4B5291A85C5CF004FD24D /* NotificationController.h */,
				FFE4B52A1A85C5CF004FD24D /* NotificationController.m */,
				FFE4B52C1A85C5CF004FD24D /* Images.xcassets */,
				FFE4B5231A85C5CF004FD24D /* Supporting Files */,
			);
			path = "WhereAmI WatchKit Extension";
			sourceTree = "<group>";
		};
		FFE4B5231A85C5CF004FD24D /* Supporting Files */ = {
			isa = PBXGroup;
			children = (
				FFE4B5241A85C5CF004FD24D /* Info.plist */,
				FFE4B5251A85C5CF004FD24D /* PushNotificationPayload.apns */,
			);
			name = "Supporting Files";
			sourceTree = "<group>";
		};
		FFE4B5341A85C5CF004FD24D /* WhereAmI WatchKit App */ = {
			isa = PBXGroup;
			children = (
				FFE4B5371A85C5CF004FD24D /* Interface.storyboard */,
				FFE4B5461A85C6EB004FD24D /* ReminderRowController.h */,
				FFE4B5471A85C6EB004FD24D /* ReminderRowController.m */,
				FFE4B53A1A85C5CF004FD24D /* Images.xcassets */,
				FFE4B5351A85C5CF004FD24D /* Supporting Files */,
			);
			path = "WhereAmI WatchKit App";
			sourceTree = "<group>";
		};
		FFE4B5351A85C5CF004FD24D /* Supporting Files */ = {
			isa = PBXGroup;
			children = (
				FFE4B5361A85C5CF004FD24D /* Info.plist */,
			);
			name = "Supporting Files";
			sourceTree = "<group>";
		};
/* End PBXGroup section */

/* Begin PBXNativeTarget section */
		FF1BE9991A8032AE00032A3D /* WhereAmI */ = {
			isa = PBXNativeTarget;
			buildConfigurationList = FF1BE9BD1A8032AE00032A3D /* Build configuration list for PBXNativeTarget "WhereAmI" */;
			buildPhases = (
				FF1BE9961A8032AE00032A3D /* Sources */,
				FF1BE9971A8032AE00032A3D /* Frameworks */,
				FF1BE9981A8032AE00032A3D /* Resources */,
				FFE4B5451A85C5CF004FD24D /* Embed App Extensions */,
			);
			buildRules = (
			);
			dependencies = (
				FFE4B53D1A85C5CF004FD24D /* PBXTargetDependency */,
			);
			name = WhereAmI;
			productName = WhereAmI;
			productReference = FF1BE99A1A8032AE00032A3D /* WhereAmI.app */;
			productType = "com.apple.product-type.application";
		};
		FF1BE9B21A8032AE00032A3D /* WhereAmITests */ = {
			isa = PBXNativeTarget;
			buildConfigurationList = FF1BE9C01A8032AE00032A3D /* Build configuration list for PBXNativeTarget "WhereAmITests" */;
			buildPhases = (
				FF1BE9AF1A8032AE00032A3D /* Sources */,
				FF1BE9B01A8032AE00032A3D /* Frameworks */,
				FF1BE9B11A8032AE00032A3D /* Resources */,
			);
			buildRules = (
			);
			dependencies = (
				FF1BE9B51A8032AE00032A3D /* PBXTargetDependency */,
			);
			name = WhereAmITests;
			productName = WhereAmITests;
			productReference = FF1BE9B31A8032AE00032A3D /* WhereAmITests.xctest */;
			productType = "com.apple.product-type.bundle.unit-test";
		};
		FFE4B5201A85C5CF004FD24D /* WhereAmI WatchKit Extension */ = {
			isa = PBXNativeTarget;
			buildConfigurationList = FFE4B5441A85C5CF004FD24D /* Build configuration list for PBXNativeTarget "WhereAmI WatchKit Extension" */;
			buildPhases = (
				FFE4B51D1A85C5CF004FD24D /* Sources */,
				FFE4B51E1A85C5CF004FD24D /* Frameworks */,
				FFE4B51F1A85C5CF004FD24D /* Resources */,
			);
			buildRules = (
			);
			dependencies = (
				FFE4B5331A85C5CF004FD24D /* PBXTargetDependency */,
			);
			name = "WhereAmI WatchKit Extension";
			productName = "WhereAmI WatchKit Extension";
			productReference = FFE4B5211A85C5CF004FD24D /* WhereAmI WatchKit Extension.appex */;
			productType = "com.apple.product-type.watchkit-extension";
		};
		FFE4B52F1A85C5CF004FD24D /* WhereAmI WatchKit App */ = {
			isa = PBXNativeTarget;
			buildConfigurationList = FFE4B5431A85C5CF004FD24D /* Build configuration list for PBXNativeTarget "WhereAmI WatchKit App" */;
			buildPhases = (
				FFE4B52E1A85C5CF004FD24D /* Resources */,
			);
			buildRules = (
			);
			dependencies = (
			);
			name = "WhereAmI WatchKit App";
			productName = "WhereAmI WatchKit App";
			productReference = FFE4B5301A85C5CF004FD24D /* WhereAmI WatchKit App.app */;
			productType = "com.apple.product-type.application.watchapp";
		};
/* End PBXNativeTarget section */

/* Begin PBXProject section */
		FF1BE9921A8032AE00032A3D /* Project object */ = {
			isa = PBXProject;
			attributes = {
				LastUpgradeCheck = 0610;
				ORGANIZATIONNAME = cm2y;
				TargetAttributes = {
					FF1BE9991A8032AE00032A3D = {
						CreatedOnToolsVersion = 6.1;
						SystemCapabilities = {
							com.apple.Maps.iOS = {
								enabled = 1;
							};
						};
					};
					FF1BE9B21A8032AE00032A3D = {
						CreatedOnToolsVersion = 6.1;
						TestTargetID = FF1BE9991A8032AE00032A3D;
					};
					FFE4B5201A85C5CF004FD24D = {
						CreatedOnToolsVersion = 6.2;
					};
					FFE4B52F1A85C5CF004FD24D = {
						CreatedOnToolsVersion = 6.2;
					};
				};
			};
			buildConfigurationList = FF1BE9951A8032AE00032A3D /* Build configuration list for PBXProject "WhereAmI" */;
			compatibilityVersion = "Xcode 3.2";
			developmentRegion = English;
			hasScannedForEncodings = 0;
			knownRegions = (
				en,
				Base,
			);
			mainGroup = FF1BE9911A8032AE00032A3D;
			productRefGroup = FF1BE99B1A8032AE00032A3D /* Products */;
			projectDirPath = "";
			projectRoot = "";
			targets = (
				FF1BE9991A8032AE00032A3D /* WhereAmI */,
				FF1BE9B21A8032AE00032A3D /* WhereAmITests */,
				FFE4B5201A85C5CF004FD24D /* WhereAmI WatchKit Extension */,
				FFE4B52F1A85C5CF004FD24D /* WhereAmI WatchKit App */,
			);
		};
/* End PBXProject section */

/* Begin PBXResourcesBuildPhase section */
		FF1BE9981A8032AE00032A3D /* Resources */ = {
			isa = PBXResourcesBuildPhase;
			buildActionMask = 2147483647;
			files = (
				FF1BE9A91A8032AE00032A3D /* Main.storyboard in Resources */,
				FF1BE9AE1A8032AE00032A3D /* LaunchScreen.xib in Resources */,
				FF1BE9AB1A8032AE00032A3D /* Images.xcassets in Resources */,
			);
			runOnlyForDeploymentPostprocessing = 0;
		};
		FF1BE9B11A8032AE00032A3D /* Resources */ = {
			isa = PBXResourcesBuildPhase;
			buildActionMask = 2147483647;
			files = (
			);
			runOnlyForDeploymentPostprocessing = 0;
		};
		FFE4B51F1A85C5CF004FD24D /* Resources */ = {
			isa = PBXResourcesBuildPhase;
			buildActionMask = 2147483647;
			files = (
				FFE4B5311A85C5CF004FD24D /* WhereAmI WatchKit App.app in Resources */,
				FFE4B52D1A85C5CF004FD24D /* Images.xcassets in Resources */,
			);
			runOnlyForDeploymentPostprocessing = 0;
		};
		FFE4B52E1A85C5CF004FD24D /* Resources */ = {
			isa = PBXResourcesBuildPhase;
			buildActionMask = 2147483647;
			files = (
				FFE4B5391A85C5CF004FD24D /* Interface.storyboard in Resources */,
				FFE4B53B1A85C5CF004FD24D /* Images.xcassets in Resources */,
			);
			runOnlyForDeploymentPostprocessing = 0;
		};
/* End PBXResourcesBuildPhase section */

/* Begin PBXSourcesBuildPhase section */
		FF1BE9961A8032AE00032A3D /* Sources */ = {
			isa = PBXSourcesBuildPhase;
			buildActionMask = 2147483647;
			files = (
				FF1BE9A61A8032AE00032A3D /* ViewController.m in Sources */,
				FF1BE9DA1A85384900032A3D /* LinkedList.m in Sources */,
				FF1BE9D01A8203D600032A3D /* AddReminderDetailViewController.m in Sources */,
				FF1BE9A31A8032AE00032A3D /* AppDelegate.m in Sources */,
				FF1BE9A01A8032AE00032A3D /* main.m in Sources */,
				FF1BE9C91A80364300032A3D /* MapViewController.m in Sources */,
				FF1BE9D71A85382200032A3D /* Node.m in Sources */,
			);
			runOnlyForDeploymentPostprocessing = 0;
		};
		FF1BE9AF1A8032AE00032A3D /* Sources */ = {
			isa = PBXSourcesBuildPhase;
			buildActionMask = 2147483647;
			files = (
				FF1BE9BA1A8032AE00032A3D /* WhereAmITests.m in Sources */,
			);
			runOnlyForDeploymentPostprocessing = 0;
		};
		FFE4B51D1A85C5CF004FD24D /* Sources */ = {
			isa = PBXSourcesBuildPhase;
			buildActionMask = 2147483647;
			files = (
				FFE4B52B1A85C5CF004FD24D /* NotificationController.m in Sources */,
				FFE4B5281A85C5CF004FD24D /* InterfaceController.m in Sources */,
				FFE4B5481A85C6EB004FD24D /* ReminderRowController.m in Sources */,
				FF01709E1A87945A000FA50C /* WatchLocationsMap.m in Sources */,
			);
			runOnlyForDeploymentPostprocessing = 0;
		};
/* End PBXSourcesBuildPhase section */

/* Begin PBXTargetDependency section */
		FF1BE9B51A8032AE00032A3D /* PBXTargetDependency */ = {
			isa = PBXTargetDependency;
			target = FF1BE9991A8032AE00032A3D /* WhereAmI */;
			targetProxy = FF1BE9B41A8032AE00032A3D /* PBXContainerItemProxy */;
		};
		FFE4B5331A85C5CF004FD24D /* PBXTargetDependency */ = {
			isa = PBXTargetDependency;
			target = FFE4B52F1A85C5CF004FD24D /* WhereAmI WatchKit App */;
			targetProxy = FFE4B5321A85C5CF004FD24D /* PBXContainerItemProxy */;
		};
		FFE4B53D1A85C5CF004FD24D /* PBXTargetDependency */ = {
			isa = PBXTargetDependency;
			target = FFE4B5201A85C5CF004FD24D /* WhereAmI WatchKit Extension */;
			targetProxy = FFE4B53C1A85C5CF004FD24D /* PBXContainerItemProxy */;
		};
/* End PBXTargetDependency section */

/* Begin PBXVariantGroup section */
		FF1BE9A71A8032AE00032A3D /* Main.storyboard */ = {
			isa = PBXVariantGroup;
			children = (
				FF1BE9A81A8032AE00032A3D /* Base */,
			);
			name = Main.storyboard;
			sourceTree = "<group>";
		};
		FF1BE9AC1A8032AE00032A3D /* LaunchScreen.xib */ = {
			isa = PBXVariantGroup;
			children = (
				FF1BE9AD1A8032AE00032A3D /* Base */,
			);
			name = LaunchScreen.xib;
			sourceTree = "<group>";
		};
		FFE4B5371A85C5CF004FD24D /* Interface.storyboard */ = {
			isa = PBXVariantGroup;
			children = (
				FFE4B5381A85C5CF004FD24D /* Base */,
			);
			name = Interface.storyboard;
			sourceTree = "<group>";
		};
/* End PBXVariantGroup section */

/* Begin XCBuildConfiguration section */
		FF1BE9BB1A8032AE00032A3D /* Debug */ = {
			isa = XCBuildConfiguration;
			buildSettings = {
				ALWAYS_SEARCH_USER_PATHS = NO;
				CLANG_CXX_LANGUAGE_STANDARD = "gnu++0x";
				CLANG_CXX_LIBRARY = "libc++";
				CLANG_ENABLE_MODULES = YES;
				CLANG_ENABLE_OBJC_ARC = YES;
				CLANG_WARN_BOOL_CONVERSION = YES;
				CLANG_WARN_CONSTANT_CONVERSION = YES;
				CLANG_WARN_DIRECT_OBJC_ISA_USAGE = YES_ERROR;
				CLANG_WARN_EMPTY_BODY = YES;
				CLANG_WARN_ENUM_CONVERSION = YES;
				CLANG_WARN_INT_CONVERSION = YES;
				CLANG_WARN_OBJC_ROOT_CLASS = YES_ERROR;
				CLANG_WARN_UNREACHABLE_CODE = YES;
				CLANG_WARN__DUPLICATE_METHOD_MATCH = YES;
				"CODE_SIGN_IDENTITY[sdk=iphoneos*]" = "iPhone Developer";
				COPY_PHASE_STRIP = NO;
				ENABLE_STRICT_OBJC_MSGSEND = YES;
				GCC_C_LANGUAGE_STANDARD = gnu99;
				GCC_DYNAMIC_NO_PIC = NO;
				GCC_OPTIMIZATION_LEVEL = 0;
				GCC_PREPROCESSOR_DEFINITIONS = (
					"DEBUG=1",
					"$(inherited)",
				);
				GCC_SYMBOLS_PRIVATE_EXTERN = NO;
				GCC_WARN_64_TO_32_BIT_CONVERSION = YES;
				GCC_WARN_ABOUT_RETURN_TYPE = YES_ERROR;
				GCC_WARN_UNDECLARED_SELECTOR = YES;
				GCC_WARN_UNINITIALIZED_AUTOS = YES_AGGRESSIVE;
				GCC_WARN_UNUSED_FUNCTION = YES;
				GCC_WARN_UNUSED_VARIABLE = YES;
				IPHONEOS_DEPLOYMENT_TARGET = 8.1;
				MTL_ENABLE_DEBUG_INFO = YES;
				ONLY_ACTIVE_ARCH = YES;
				SDKROOT = iphoneos;
			};
			name = Debug;
		};
		FF1BE9BC1A8032AE00032A3D /* Release */ = {
			isa = XCBuildConfiguration;
			buildSettings = {
				ALWAYS_SEARCH_USER_PATHS = NO;
				CLANG_CXX_LANGUAGE_STANDARD = "gnu++0x";
				CLANG_CXX_LIBRARY = "libc++";
				CLANG_ENABLE_MODULES = YES;
				CLANG_ENABLE_OBJC_ARC = YES;
				CLANG_WARN_BOOL_CONVERSION = YES;
				CLANG_WARN_CONSTANT_CONVERSION = YES;
				CLANG_WARN_DIRECT_OBJC_ISA_USAGE = YES_ERROR;
				CLANG_WARN_EMPTY_BODY = YES;
				CLANG_WARN_ENUM_CONVERSION = YES;
				CLANG_WARN_INT_CONVERSION = YES;
				CLANG_WARN_OBJC_ROOT_CLASS = YES_ERROR;
				CLANG_WARN_UNREACHABLE_CODE = YES;
				CLANG_WARN__DUPLICATE_METHOD_MATCH = YES;
				"CODE_SIGN_IDENTITY[sdk=iphoneos*]" = "iPhone Developer";
				COPY_PHASE_STRIP = YES;
				ENABLE_NS_ASSERTIONS = NO;
				ENABLE_STRICT_OBJC_MSGSEND = YES;
				GCC_C_LANGUAGE_STANDARD = gnu99;
				GCC_WARN_64_TO_32_BIT_CONVERSION = YES;
				GCC_WARN_ABOUT_RETURN_TYPE = YES_ERROR;
				GCC_WARN_UNDECLARED_SELECTOR = YES;
				GCC_WARN_UNINITIALIZED_AUTOS = YES_AGGRESSIVE;
				GCC_WARN_UNUSED_FUNCTION = YES;
				GCC_WARN_UNUSED_VARIABLE = YES;
				IPHONEOS_DEPLOYMENT_TARGET = 8.1;
				MTL_ENABLE_DEBUG_INFO = NO;
				SDKROOT = iphoneos;
				VALIDATE_PRODUCT = YES;
			};
			name = Release;
		};
		FF1BE9BE1A8032AE00032A3D /* Debug */ = {
			isa = XCBuildConfiguration;
			buildSettings = {
				ASSETCATALOG_COMPILER_APPICON_NAME = AppIcon;
				INFOPLIST_FILE = WhereAmI/Info.plist;
				LD_RUNPATH_SEARCH_PATHS = "$(inherited) @executable_path/Frameworks";
				PRODUCT_NAME = "$(TARGET_NAME)";
			};
			name = Debug;
		};
		FF1BE9BF1A8032AE00032A3D /* Release */ = {
			isa = XCBuildConfiguration;
			buildSettings = {
				ASSETCATALOG_COMPILER_APPICON_NAME = AppIcon;
				INFOPLIST_FILE = WhereAmI/Info.plist;
				LD_RUNPATH_SEARCH_PATHS = "$(inherited) @executable_path/Frameworks";
				PRODUCT_NAME = "$(TARGET_NAME)";
			};
			name = Release;
		};
		FF1BE9C11A8032AE00032A3D /* Debug */ = {
			isa = XCBuildConfiguration;
			buildSettings = {
				BUNDLE_LOADER = "$(TEST_HOST)";
				FRAMEWORK_SEARCH_PATHS = (
					"$(SDKROOT)/Developer/Library/Frameworks",
					"$(inherited)",
				);
				GCC_PREPROCESSOR_DEFINITIONS = (
					"DEBUG=1",
					"$(inherited)",
				);
				INFOPLIST_FILE = WhereAmITests/Info.plist;
				LD_RUNPATH_SEARCH_PATHS = "$(inherited) @executable_path/Frameworks @loader_path/Frameworks";
				PRODUCT_NAME = "$(TARGET_NAME)";
				TEST_HOST = "$(BUILT_PRODUCTS_DIR)/WhereAmI.app/WhereAmI";
			};
			name = Debug;
		};
		FF1BE9C21A8032AE00032A3D /* Release */ = {
			isa = XCBuildConfiguration;
			buildSettings = {
				BUNDLE_LOADER = "$(TEST_HOST)";
				FRAMEWORK_SEARCH_PATHS = (
					"$(SDKROOT)/Developer/Library/Frameworks",
					"$(inherited)",
				);
				INFOPLIST_FILE = WhereAmITests/Info.plist;
				LD_RUNPATH_SEARCH_PATHS = "$(inherited) @executable_path/Frameworks @loader_path/Frameworks";
				PRODUCT_NAME = "$(TARGET_NAME)";
				TEST_HOST = "$(BUILT_PRODUCTS_DIR)/WhereAmI.app/WhereAmI";
			};
			name = Release;
		};
		FFE4B53F1A85C5CF004FD24D /* Debug */ = {
			isa = XCBuildConfiguration;
			buildSettings = {
				GCC_PREPROCESSOR_DEFINITIONS = (
					"DEBUG=1",
					"$(inherited)",
				);
				INFOPLIST_FILE = "WhereAmI WatchKit Extension/Info.plist";
				IPHONEOS_DEPLOYMENT_TARGET = 8.2;
				LD_RUNPATH_SEARCH_PATHS = "$(inherited) @executable_path/Frameworks @executable_path/../../Frameworks";
				PRODUCT_NAME = "${TARGET_NAME}";
				SKIP_INSTALL = YES;
			};
			name = Debug;
		};
		FFE4B5401A85C5CF004FD24D /* Release */ = {
			isa = XCBuildConfiguration;
			buildSettings = {
				COPY_PHASE_STRIP = NO;
				INFOPLIST_FILE = "WhereAmI WatchKit Extension/Info.plist";
				IPHONEOS_DEPLOYMENT_TARGET = 8.2;
				LD_RUNPATH_SEARCH_PATHS = "$(inherited) @executable_path/Frameworks @executable_path/../../Frameworks";
				PRODUCT_NAME = "${TARGET_NAME}";
				SKIP_INSTALL = YES;
			};
			name = Release;
		};
		FFE4B5411A85C5CF004FD24D /* Debug */ = {
			isa = XCBuildConfiguration;
			buildSettings = {
				ASSETCATALOG_COMPILER_APPICON_NAME = AppIcon;
				GCC_PREPROCESSOR_DEFINITIONS = (
					"DEBUG=1",
					"$(inherited)",
				);
				IBSC_MODULE = WhereAmI_WatchKit_Extension;
				INFOPLIST_FILE = "WhereAmI WatchKit App/Info.plist";
				IPHONEOS_DEPLOYMENT_TARGET = 8.2;
				PRODUCT_NAME = "$(TARGET_NAME)";
				SKIP_INSTALL = YES;
				TARGETED_DEVICE_FAMILY = 4;
				"TARGETED_DEVICE_FAMILY[sdk=iphonesimulator*]" = "1,4";
			};
			name = Debug;
		};
		FFE4B5421A85C5CF004FD24D /* Release */ = {
			isa = XCBuildConfiguration;
			buildSettings = {
				ASSETCATALOG_COMPILER_APPICON_NAME = AppIcon;
				COPY_PHASE_STRIP = NO;
				IBSC_MODULE = WhereAmI_WatchKit_Extension;
				INFOPLIST_FILE = "WhereAmI WatchKit App/Info.plist";
				IPHONEOS_DEPLOYMENT_TARGET = 8.2;
				PRODUCT_NAME = "$(TARGET_NAME)";
				SKIP_INSTALL = YES;
				TARGETED_DEVICE_FAMILY = 4;
				"TARGETED_DEVICE_FAMILY[sdk=iphonesimulator*]" = "1,4";
			};
			name = Release;
		};
/* End XCBuildConfiguration section */

/* Begin XCConfigurationList section */
		FF1BE9951A8032AE00032A3D /* Build configuration list for PBXProject "WhereAmI" */ = {
			isa = XCConfigurationList;
			buildConfigurations = (
				FF1BE9BB1A8032AE00032A3D /* Debug */,
				FF1BE9BC1A8032AE00032A3D /* Release */,
			);
			defaultConfigurationIsVisible = 0;
			defaultConfigurationName = Release;
		};
		FF1BE9BD1A8032AE00032A3D /* Build configuration list for PBXNativeTarget "WhereAmI" */ = {
			isa = XCConfigurationList;
			buildConfigurations = (
				FF1BE9BE1A8032AE00032A3D /* Debug */,
				FF1BE9BF1A8032AE00032A3D /* Release */,
			);
			defaultConfigurationIsVisible = 0;
			defaultConfigurationName = Release;
		};
		FF1BE9C01A8032AE00032A3D /* Build configuration list for PBXNativeTarget "WhereAmITests" */ = {
			isa = XCConfigurationList;
			buildConfigurations = (
				FF1BE9C11A8032AE00032A3D /* Debug */,
				FF1BE9C21A8032AE00032A3D /* Release */,
			);
			defaultConfigurationIsVisible = 0;
			defaultConfigurationName = Release;
		};
		FFE4B5431A85C5CF004FD24D /* Build configuration list for PBXNativeTarget "WhereAmI WatchKit App" */ = {
			isa = XCConfigurationList;
			buildConfigurations = (
				FFE4B5411A85C5CF004FD24D /* Debug */,
				FFE4B5421A85C5CF004FD24D /* Release */,
			);
			defaultConfigurationIsVisible = 0;
			defaultConfigurationName = Release;
		};
		FFE4B5441A85C5CF004FD24D /* Build configuration list for PBXNativeTarget "WhereAmI WatchKit Extension" */ = {
			isa = XCConfigurationList;
			buildConfigurations = (
				FFE4B53F1A85C5CF004FD24D /* Debug */,
				FFE4B5401A85C5CF004FD24D /* Release */,
			);
			defaultConfigurationIsVisible = 0;
			defaultConfigurationName = Release;
		};
/* End XCConfigurationList section */
	};
	rootObject = FF1BE9921A8032AE00032A3D /* Project object */;
}
